
Microsoft Visual Studio Solution File, Format Version 12.00
# Visual Studio 15
VisualStudioVersion = 15.0.27130.2010
MinimumVisualStudioVersion = 10.0.40219.1
Project("{FAE04EC0-301F-11D3-BF4B-00C04F79EFBC}") = "presentacion5", "presentacion5\presentacion5.csproj", "{7A63A55F-03D3-4F2B-B544-C42E617076CE}"
EndProject
Global
	GlobalSection(SolutionConfigurationPlatforms) = preSolution
		Debug|Any CPU = Debug|Any CPU
		Release|Any CPU = Release|Any CPU
	EndGlobalSection
	GlobalSection(ProjectConfigurationPlatforms) = postSolution
		{7A63A55F-03D3-4F2B-B544-C42E617076CE}.Debug|Any CPU.ActiveCfg = Debug|Any CPU
		{7A63A55F-03D3-4F2B-B544-C42E617076CE}.Debug|Any CPU.Build.0 = Debug|Any CPU
		{7A63A55F-03D3-4F2B-B544-C42E617076CE}.Release|Any CPU.ActiveCfg = Release|Any CPU
		{7A63A55F-03D3-4F2B-B544-C42E617076CE}.Release|Any CPU.Build.0 = Release|Any CPU
	EndGlobalSection
	GlobalSection(SolutionProperties) = preSolution
		HideSolutionNode = FALSE
	EndGlobalSection
	GlobalSection(ExtensibilityGlobals) = postSolution
		SolutionGuid = {95FC7534-D279-4ED9-9054-0CC994B5188B}
	EndGlobalSection
EndGlobal
